{
  "name": "@test-nino/random",
  "lockfileVersion": 3,
  "requires": true,
  "packages": {
    "": {
      "name": "@test-nino/random",
      "devDependencies": {
        "avris-generator": "^0.8.2",
        "benchmark": "^2.1.4",
        "fake-nino": "^0.0.1",
        "random_uk_nino": "^1.0.3"
      }
    },
    "node_modules/avris-generator": {
      "version": "0.8.2",
      "resolved": "https://registry.npmjs.org/avris-generator/-/avris-generator-0.8.2.tgz",
      "integrity": "sha512-dQA9vTgl/+EYw4Dpj7SxlA3qameeKonyiFSOOTRElgxI4CUy1j7YLmH3LFJUlxcPvUZkKiR7KhDrQbcjcadM4A==",
      "dev": true,
      "license": "SEE LICENSE IN LICENSE.md"
    },
    "node_modules/benchmark": {
      "version": "2.1.4",
      "resolved": "https://registry.npmjs.org/benchmark/-/benchmark-2.1.4.tgz",
      "integrity": "sha512-l9MlfN4M1K/H2fbhfMy3B7vJd6AGKJVQn2h6Sg/Yx+KckoUA7ewS5Vv6TjSq18ooE1kS9hhAlQRH3AkXIh/aOQ==",
      "dev": true,
      "license": "MIT",
      "dependencies": {
        "lodash": "^4.17.4",
        "platform": "^1.3.3"
      }
    },
    "node_modules/fake-nino": {
      "version": "0.0.1",
      "resolved": "https://registry.npmjs.org/fake-nino/-/fake-nino-0.0.1.tgz",
      "integrity": "sha512-8rLzOST42X3StFrj86ZplvrtGaoEjyEvAWotqzMFOeXHhAyXb34vohuSkJuhccUcegzQ5CBlZBldlmlcMkmnTQ==",
      "dev": true,
      "license": "GNU General Public License"
    },
    "node_modules/lodash": {
      "version": "4.17.21",
      "resolved": "https://registry.npmjs.org/lodash/-/lodash-4.17.21.tgz",
      "integrity": "sha512-v2kDEe57lecTulaDIuNTPy3Ry4gLGJ6Z1O3vE1krgXZNrsQ+LFTGHVxVjcXPs17LhbZVGedAJv8XZ1tvj5FvSg==",
      "dev": true,
      "license": "MIT"
    },
    "node_modules/platform": {
      "version": "1.3.6",
      "resolved": "https://registry.npmjs.org/platform/-/platform-1.3.6.tgz",
      "integrity": "sha512-fnWVljUchTro6RiCFvCXBbNhJc2NijN7oIQxbwsyL0buWJPG85v81ehlHI9fXrJsMNgTofEoWIQeClKpgxFLrg==",
      "dev": true,
      "license": "MIT"
    },
    "node_modules/random_uk_nino": {
      "version": "1.0.3",
      "resolved": "https://registry.npmjs.org/random_uk_nino/-/random_uk_nino-1.0.3.tgz",
      "integrity": "sha512-zUxsiDa/YOKjbsxgs6BfrvAam80cjmrf17/51eLvtFi3NBJvHNnZVaDuPTdGs7Gm2ghQprI2o3KYsLtCJQt3vQ==",
      "dev": true,
      "license": "ISC"
    }
  }
}
