{
  "name": "@test-nino/random",
  "lockfileVersion": 3,
  "requires": true,
  "packages": {
    "": {
      "name": "@test-nino/random",
      "devDependencies": {
        "avris-generator": "^0.8.2",
        "fake-nino": "^0.0.1",
        "random_uk_nino": "^1.0.3"
      }
    },
    "node_modules/avris-generator": {
      "version": "0.8.2",
      "resolved": "https://registry.npmjs.org/avris-generator/-/avris-generator-0.8.2.tgz",
      "integrity": "sha512-dQA9vTgl/+EYw4Dpj7SxlA3qameeKonyiFSOOTRElgxI4CUy1j7YLmH3LFJUlxcPvUZkKiR7KhDrQbcjcadM4A==",
      "dev": true
    },
    "node_modules/fake-nino": {
      "version": "0.0.1",
      "resolved": "https://registry.npmjs.org/fake-nino/-/fake-nino-0.0.1.tgz",
      "integrity": "sha512-8rLzOST42X3StFrj86ZplvrtGaoEjyEvAWotqzMFOeXHhAyXb34vohuSkJuhccUcegzQ5CBlZBldlmlcMkmnTQ==",
      "dev": true
    },
    "node_modules/random_uk_nino": {
      "version": "1.0.3",
      "resolved": "https://registry.npmjs.org/random_uk_nino/-/random_uk_nino-1.0.3.tgz",
      "integrity": "sha512-zUxsiDa/YOKjbsxgs6BfrvAam80cjmrf17/51eLvtFi3NBJvHNnZVaDuPTdGs7Gm2ghQprI2o3KYsLtCJQt3vQ==",
      "dev": true
    }
  }
}
